
Microsoft Visual Studio Solution File, Format Version 12.00
# Visual Studio 14
VisualStudioVersion = 14.0.25420.1
MinimumVisualStudioVersion = 10.0.40219.1
Project("{FAE04EC0-301F-11D3-BF4B-00C04F79EFBC}") = "PiCounter", "PiCounter\PiCounter.csproj", "{621DB6DB-2AC2-4F1F-A3B2-438984773C37}"
EndProject
Project("{54435603-DBB4-11D2-8724-00A0C9A8B90C}") = "PiCounter_Setup", "PiCounter_Setup\PiCounter_Setup.vdproj", "{26D8ADCD-C1FC-4CF1-A5C6-84B594D67D13}"
EndProject
Global
	GlobalSection(SolutionConfigurationPlatforms) = preSolution
		Debug|Any CPU = Debug|Any CPU
		Release|Any CPU = Release|Any CPU
	EndGlobalSection
	GlobalSection(ProjectConfigurationPlatforms) = postSolution
		{621DB6DB-2AC2-4F1F-A3B2-438984773C37}.Debug|Any CPU.ActiveCfg = Debug|Any CPU
		{621DB6DB-2AC2-4F1F-A3B2-438984773C37}.Debug|Any CPU.Build.0 = Debug|Any CPU
		{621DB6DB-2AC2-4F1F-A3B2-438984773C37}.Release|Any CPU.ActiveCfg = Release|Any CPU
		{621DB6DB-2AC2-4F1F-A3B2-438984773C37}.Release|Any CPU.Build.0 = Release|Any CPU
		{26D8ADCD-C1FC-4CF1-A5C6-84B594D67D13}.Debug|Any CPU.ActiveCfg = Debug
		{26D8ADCD-C1FC-4CF1-A5C6-84B594D67D13}.Release|Any CPU.ActiveCfg = Release
	EndGlobalSection
	GlobalSection(SolutionProperties) = preSolution
		HideSolutionNode = FALSE
	EndGlobalSection
EndGlobal
